{
  "version": 4,
  "terraform_version": "1.11.4",
  "serial": 11,
  "lineage": "0b7124b2-e810-cec4-40b2-630e9fffaec5",
  "outputs": {},
  "resources": [
    {
      "module": "module.data",
      "mode": "data",
      "type": "aws_iam_policy_document",
      "name": "dest_policy",
      "provider": "provider[\"registry.terraform.io/hashicorp/aws\"]",
      "instances": [
        {
          "schema_version": 0,
          "attributes": {
            "id": "3440515952",
            "json": "{\n  \"Version\": \"2012-10-17\",\n  \"Statement\": [\n    {\n      \"Sid\": \"AllowReplicationFromPrimary\",\n      \"Effect\": \"Allow\",\n      \"Action\": [\n        \"s3:ReplicateTags\",\n        \"s3:ReplicateObject\",\n        \"s3:ReplicateDelete\"\n      ],\n      \"Resource\": \"arn:aws:s3:::dr-demo-use1-west-37cfd18a/*\",\n      \"Principal\": {\n        \"AWS\": \"arn:aws:iam::382828593676:role/s3-replication-role-east-to-west-37cfd18a\"\n      }\n    }\n  ]\n}",
            "minified_json": "{\"Version\":\"2012-10-17\",\"Statement\":[{\"Sid\":\"AllowReplicationFromPrimary\",\"Effect\":\"Allow\",\"Action\":[\"s3:ReplicateTags\",\"s3:ReplicateObject\",\"s3:ReplicateDelete\"],\"Resource\":\"arn:aws:s3:::dr-demo-use1-west-37cfd18a/*\",\"Principal\":{\"AWS\":\"arn:aws:iam::382828593676:role/s3-replication-role-east-to-west-37cfd18a\"}}]}",
            "override_json": null,
            "override_policy_documents": null,
            "policy_id": null,
            "source_json": null,
            "source_policy_documents": null,
            "statement": [
              {
                "actions": [
                  "s3:ReplicateDelete",
                  "s3:ReplicateObject",
                  "s3:ReplicateTags"
                ],
                "condition": [],
                "effect": "Allow",
                "not_actions": [],
                "not_principals": [],
                "not_resources": [],
                "principals": [
                  {
                    "identifiers": [
                      "arn:aws:iam::382828593676:role/s3-replication-role-east-to-west-37cfd18a"
                    ],
                    "type": "AWS"
                  }
                ],
                "resources": [
                  "arn:aws:s3:::dr-demo-use1-west-37cfd18a/*"
                ],
                "sid": "AllowReplicationFromPrimary"
              }
            ],
            "version": "2012-10-17"
          },
          "sensitive_attributes": []
        }
      ]
    },
    {
      "module": "module.data",
      "mode": "managed",
      "type": "aws_iam_role",
      "name": "s3_replication_role",
      "provider": "provider[\"registry.terraform.io/hashicorp/aws\"]",
      "instances": [
        {
          "schema_version": 0,
          "attributes": {
            "arn": "arn:aws:iam::382828593676:role/s3-replication-role-east-to-west-37cfd18a",
            "assume_role_policy": "{\"Statement\":[{\"Action\":\"sts:AssumeRole\",\"Effect\":\"Allow\",\"Principal\":{\"Service\":\"s3.amazonaws.com\"}}],\"Version\":\"2012-10-17\"}",
            "create_date": "2025-07-08T15:34:25Z",
            "description": "",
            "force_detach_policies": false,
            "id": "s3-replication-role-east-to-west-37cfd18a",
            "inline_policy": [],
            "managed_policy_arns": [],
            "max_session_duration": 3600,
            "name": "s3-replication-role-east-to-west-37cfd18a",
            "name_prefix": "",
            "path": "/",
            "permissions_boundary": "",
            "tags": null,
            "tags_all": {},
            "unique_id": "AROAVSIS4YIGOGO5ETZ2G"
          },
          "sensitive_attributes": [],
          "private": "bnVsbA==",
          "dependencies": [
            "module.data.random_id.suffix"
          ]
        }
      ]
    },
    {
      "module": "module.data",
      "mode": "managed",
      "type": "aws_iam_role_policy",
      "name": "s3_replication_policy",
      "provider": "provider[\"registry.terraform.io/hashicorp/aws\"]",
      "instances": [
        {
          "schema_version": 0,
          "attributes": {
            "id": "s3-replication-role-east-to-west-37cfd18a:terraform-20250708153427591100000001",
            "name": "terraform-20250708153427591100000001",
            "name_prefix": "terraform-",
            "policy": "{\"Version\":\"2012-10-17\",\"Statement\":[{\"Action\":[\"s3:GetReplicationConfiguration\",\"s3:ListBucket\"],\"Effect\":\"Allow\",\"Resource\":[\"arn:aws:s3:::dr-demo-use1-east-37cfd18a\"]},{\"Action\":[\"s3:GetObjectVersion\",\"s3:GetObjectVersionAcl\"],\"Effect\":\"Allow\",\"Resource\":[\"arn:aws:s3:::dr-demo-use1-east-37cfd18a/*\"]},{\"Action\":[\"s3:ReplicateObject\",\"s3:ReplicateDelete\",\"s3:ReplicateTags\"],\"Effect\":\"Allow\",\"Resource\":[\"arn:aws:s3:::dr-demo-use1-west-37cfd18a/*\"]}]}",
            "role": "s3-replication-role-east-to-west-37cfd18a"
          },
          "sensitive_attributes": [],
          "private": "bnVsbA==",
          "dependencies": [
            "module.data.aws_iam_role.s3_replication_role",
            "module.data.aws_s3_bucket.primary",
            "module.data.aws_s3_bucket.secondary",
            "module.data.random_id.suffix"
          ]
        }
      ]
    },
    {
      "module": "module.data",
      "mode": "managed",
      "type": "aws_s3_bucket",
      "name": "primary",
      "provider": "provider[\"registry.terraform.io/hashicorp/aws\"]",
      "instances": [
        {
          "schema_version": 0,
          "attributes": {
            "acceleration_status": "",
            "acl": null,
            "arn": "arn:aws:s3:::dr-demo-use1-east-37cfd18a",
            "bucket": "dr-demo-use1-east-37cfd18a",
            "bucket_domain_name": "dr-demo-use1-east-37cfd18a.s3.amazonaws.com",
            "bucket_prefix": "",
            "bucket_region": "us-east-1",
            "bucket_regional_domain_name": "dr-demo-use1-east-37cfd18a.s3.us-east-1.amazonaws.com",
            "cors_rule": [],
            "force_destroy": false,
            "grant": [
              {
                "id": "abe66516a789d5ad6a9a5fd99910c6902cbfa0cd3429352013f2df28abb23d62",
                "permissions": [
                  "FULL_CONTROL"
                ],
                "type": "CanonicalUser",
                "uri": ""
              }
            ],
            "hosted_zone_id": "Z3AQBSTGFYJSTF",
            "id": "dr-demo-use1-east-37cfd18a",
            "lifecycle_rule": [],
            "logging": [],
            "object_lock_configuration": [],
            "object_lock_enabled": false,
            "policy": "",
            "region": "us-east-1",
            "replication_configuration": [],
            "request_payer": "BucketOwner",
            "server_side_encryption_configuration": [
              {
                "rule": [
                  {
                    "apply_server_side_encryption_by_default": [
                      {
                        "kms_master_key_id": "",
                        "sse_algorithm": "AES256"
                      }
                    ],
                    "bucket_key_enabled": false
                  }
                ]
              }
            ],
            "tags": {
              "Name": "east-dr"
            },
            "tags_all": {
              "Name": "east-dr"
            },
            "timeouts": null,
            "versioning": [
              {
                "enabled": false,
                "mfa_delete": false
              }
            ],
            "website": [],
            "website_domain": null,
            "website_endpoint": null
          },
          "sensitive_attributes": [],
          "private": "eyJlMmJmYjczMC1lY2FhLTExZTYtOGY4OC0zNDM2M2JjN2M0YzAiOnsiY3JlYXRlIjoxMjAwMDAwMDAwMDAwLCJkZWxldGUiOjM2MDAwMDAwMDAwMDAsInJlYWQiOjEyMDAwMDAwMDAwMDAsInVwZGF0ZSI6MTIwMDAwMDAwMDAwMH19",
          "dependencies": [
            "module.data.random_id.suffix"
          ]
        }
      ]
    },
    {
      "module": "module.data",
      "mode": "managed",
      "type": "aws_s3_bucket",
      "name": "secondary",
      "provider": "provider[\"registry.terraform.io/hashicorp/aws\"].west",
      "instances": [
        {
          "schema_version": 0,
          "attributes": {
            "acceleration_status": "",
            "acl": null,
            "arn": "arn:aws:s3:::dr-demo-use1-west-37cfd18a",
            "bucket": "dr-demo-use1-west-37cfd18a",
            "bucket_domain_name": "dr-demo-use1-west-37cfd18a.s3.amazonaws.com",
            "bucket_prefix": "",
            "bucket_region": "us-west-2",
            "bucket_regional_domain_name": "dr-demo-use1-west-37cfd18a.s3.us-west-2.amazonaws.com",
            "cors_rule": [],
            "force_destroy": false,
            "grant": [
              {
                "id": "abe66516a789d5ad6a9a5fd99910c6902cbfa0cd3429352013f2df28abb23d62",
                "permissions": [
                  "FULL_CONTROL"
                ],
                "type": "CanonicalUser",
                "uri": ""
              }
            ],
            "hosted_zone_id": "Z3BJ6K6RIION7M",
            "id": "dr-demo-use1-west-37cfd18a",
            "lifecycle_rule": [],
            "logging": [],
            "object_lock_configuration": [],
            "object_lock_enabled": false,
            "policy": "",
            "region": "us-west-2",
            "replication_configuration": [],
            "request_payer": "BucketOwner",
            "server_side_encryption_configuration": [
              {
                "rule": [
                  {
                    "apply_server_side_encryption_by_default": [
                      {
                        "kms_master_key_id": "",
                        "sse_algorithm": "AES256"
                      }
                    ],
                    "bucket_key_enabled": false
                  }
                ]
              }
            ],
            "tags": {
              "Name": "west-dr"
            },
            "tags_all": {
              "Name": "west-dr"
            },
            "timeouts": null,
            "versioning": [
              {
                "enabled": false,
                "mfa_delete": false
              }
            ],
            "website": [],
            "website_domain": null,
            "website_endpoint": null
          },
          "sensitive_attributes": [],
          "private": "eyJlMmJmYjczMC1lY2FhLTExZTYtOGY4OC0zNDM2M2JjN2M0YzAiOnsiY3JlYXRlIjoxMjAwMDAwMDAwMDAwLCJkZWxldGUiOjM2MDAwMDAwMDAwMDAsInJlYWQiOjEyMDAwMDAwMDAwMDAsInVwZGF0ZSI6MTIwMDAwMDAwMDAwMH19",
          "dependencies": [
            "module.data.random_id.suffix"
          ]
        }
      ]
    },
    {
      "module": "module.data",
      "mode": "managed",
      "type": "aws_s3_bucket_policy",
      "name": "secondary_policy",
      "provider": "provider[\"registry.terraform.io/hashicorp/aws\"].west",
      "instances": [
        {
          "schema_version": 0,
          "attributes": {
            "bucket": "dr-demo-use1-west-37cfd18a",
            "id": "dr-demo-use1-west-37cfd18a",
            "policy": "{\"Statement\":[{\"Action\":[\"s3:ReplicateTags\",\"s3:ReplicateObject\",\"s3:ReplicateDelete\"],\"Effect\":\"Allow\",\"Principal\":{\"AWS\":\"arn:aws:iam::382828593676:role/s3-replication-role-east-to-west-37cfd18a\"},\"Resource\":\"arn:aws:s3:::dr-demo-use1-west-37cfd18a/*\",\"Sid\":\"AllowReplicationFromPrimary\"}],\"Version\":\"2012-10-17\"}",
            "region": "us-west-2"
          },
          "sensitive_attributes": [],
          "private": "bnVsbA==",
          "dependencies": [
            "module.data.aws_iam_role.s3_replication_role",
            "module.data.aws_s3_bucket.secondary",
            "module.data.data.aws_iam_policy_document.dest_policy",
            "module.data.random_id.suffix"
          ]
        }
      ]
    },
    {
      "module": "module.data",
      "mode": "managed",
      "type": "aws_s3_bucket_replication_configuration",
      "name": "replication",
      "provider": "provider[\"registry.terraform.io/hashicorp/aws\"]",
      "instances": [
        {
          "schema_version": 0,
          "attributes": {
            "bucket": "dr-demo-use1-east-37cfd18a",
            "id": "dr-demo-use1-east-37cfd18a",
            "region": "us-east-1",
            "role": "arn:aws:iam::382828593676:role/s3-replication-role-east-to-west-37cfd18a",
            "rule": [
              {
                "delete_marker_replication": [
                  {
                    "status": "Disabled"
                  }
                ],
                "destination": [
                  {
                    "access_control_translation": [],
                    "account": "",
                    "bucket": "arn:aws:s3:::dr-demo-use1-west-37cfd18a",
                    "encryption_configuration": [],
                    "metrics": [],
                    "replication_time": [],
                    "storage_class": "STANDARD"
                  }
                ],
                "existing_object_replication": [],
                "filter": [
                  {
                    "and": [],
                    "prefix": "",
                    "tag": []
                  }
                ],
                "id": "crr-east-to-west",
                "prefix": "",
                "priority": 0,
                "source_selection_criteria": [],
                "status": "Enabled"
              }
            ],
            "token": null
          },
          "sensitive_attributes": [
            [
              {
                "type": "get_attr",
                "value": "token"
              }
            ]
          ],
          "private": "bnVsbA==",
          "dependencies": [
            "module.data.aws_iam_role.s3_replication_role",
            "module.data.aws_s3_bucket.primary",
            "module.data.aws_s3_bucket.secondary",
            "module.data.aws_s3_bucket_policy.secondary_policy",
            "module.data.aws_s3_bucket_versioning.primary",
            "module.data.aws_s3_bucket_versioning.secondary",
            "module.data.data.aws_iam_policy_document.dest_policy",
            "module.data.random_id.suffix"
          ]
        }
      ]
    },
    {
      "module": "module.data",
      "mode": "managed",
      "type": "aws_s3_bucket_versioning",
      "name": "primary",
      "provider": "provider[\"registry.terraform.io/hashicorp/aws\"]",
      "instances": [
        {
          "schema_version": 0,
          "attributes": {
            "bucket": "dr-demo-use1-east-37cfd18a",
            "expected_bucket_owner": "",
            "id": "dr-demo-use1-east-37cfd18a",
            "mfa": null,
            "region": "us-east-1",
            "versioning_configuration": [
              {
                "mfa_delete": "",
                "status": "Enabled"
              }
            ]
          },
          "sensitive_attributes": [],
          "private": "bnVsbA==",
          "dependencies": [
            "module.data.aws_s3_bucket.primary",
            "module.data.random_id.suffix"
          ]
        }
      ]
    },
    {
      "module": "module.data",
      "mode": "managed",
      "type": "aws_s3_bucket_versioning",
      "name": "secondary",
      "provider": "provider[\"registry.terraform.io/hashicorp/aws\"].west",
      "instances": [
        {
          "schema_version": 0,
          "attributes": {
            "bucket": "dr-demo-use1-west-37cfd18a",
            "expected_bucket_owner": "",
            "id": "dr-demo-use1-west-37cfd18a",
            "mfa": null,
            "region": "us-west-2",
            "versioning_configuration": [
              {
                "mfa_delete": "",
                "status": "Enabled"
              }
            ]
          },
          "sensitive_attributes": [],
          "private": "bnVsbA==",
          "dependencies": [
            "module.data.aws_s3_bucket.secondary",
            "module.data.random_id.suffix"
          ]
        }
      ]
    },
    {
      "module": "module.data",
      "mode": "managed",
      "type": "random_id",
      "name": "suffix",
      "provider": "provider[\"registry.terraform.io/hashicorp/random\"]",
      "instances": [
        {
          "schema_version": 0,
          "attributes": {
            "b64_std": "N8/Rig==",
            "b64_url": "N8_Rig",
            "byte_length": 4,
            "dec": "936366474",
            "hex": "37cfd18a",
            "id": "N8_Rig",
            "keepers": null,
            "prefix": null
          },
          "sensitive_attributes": []
        }
      ]
    }
  ],
  "check_results": null
}
